
Microsoft Visual Studio Solution File, Format Version 12.00
# Visual Studio Version 17
VisualStudioVersion = 17.6.33815.320
MinimumVisualStudioVersion = 10.0.40219.1
Project("{FAE04EC0-301F-11D3-BF4B-00C04F79EFBC}") = "SayiOyunu(Universal)", "SayiOyunu(Universal)\SayiOyunu(Universal).csproj", "{1402EA41-C803-4579-AE9C-0C216284807E}"
EndProject
Global
	GlobalSection(SolutionConfigurationPlatforms) = preSolution
		Debug|Any CPU = Debug|Any CPU
		Release|Any CPU = Release|Any CPU
	EndGlobalSection
	GlobalSection(ProjectConfigurationPlatforms) = postSolution
		{1402EA41-C803-4579-AE9C-0C216284807E}.Debug|Any CPU.ActiveCfg = Debug|Any CPU
		{1402EA41-C803-4579-AE9C-0C216284807E}.Debug|Any CPU.Build.0 = Debug|Any CPU
		{1402EA41-C803-4579-AE9C-0C216284807E}.Release|Any CPU.ActiveCfg = Release|Any CPU
		{1402EA41-C803-4579-AE9C-0C216284807E}.Release|Any CPU.Build.0 = Release|Any CPU
	EndGlobalSection
	GlobalSection(SolutionProperties) = preSolution
		HideSolutionNode = FALSE
	EndGlobalSection
	GlobalSection(ExtensibilityGlobals) = postSolution
		SolutionGuid = {AF84B8AE-40BE-4156-99FD-0A2CB0E94436}
	EndGlobalSection
EndGlobal
